# This file is automatically @generated by Cargo.
# It is not intended for manual editing.
version = 4

[[package]]
name = "qrf"
version = "0.1.0"
dependencies = [
 "qrf-core",
]

[[package]]
name = "qrf-analysis"
version = "0.1.0"

[[package]]
name = "qrf-bus"
version = "0.1.0"

[[package]]
name = "qrf-core"
version = "0.1.0"

[[package]]
name = "qrf-dsp"
version = "0.1.0"

[[package]]
name = "qrf-dspd"
version = "0.1.0"
dependencies = [
 "qrf-core",
]

[[package]]
name = "qrf-jtag"
version = "0.1.0"

[[package]]
name = "qrf-lora"
version = "0.1.0"

[[package]]
name = "qrf-mipi"
version = "0.1.0"

[[package]]
name = "qrf-overlay"
version = "0.1.0"
dependencies = [
 "qrf-core",
]

[[package]]
name = "qrf-sensord"
version = "0.1.0"
dependencies = [
 "qrf-core",
]

[[package]]
name = "qrf-tiled"
version = "0.1.0"
dependencies = [
 "qrf-core",
]
